
Microsoft Visual Studio Solution File, Format Version 12.00
# Visual Studio Version 16
VisualStudioVersion = 16.0.30517.126
MinimumVisualStudioVersion = 10.0.40219.1
Project("{FAE04EC0-301F-11D3-BF4B-00C04F79EFBC}") = "FilesAndObjects", "FilesAndObjects\FilesAndObjects.csproj", "{C762798B-3412-4C28-8BDD-0B0A0EBDF33D}"
EndProject
Global
	GlobalSection(SolutionConfigurationPlatforms) = preSolution
		Debug|Any CPU = Debug|Any CPU
		Release|Any CPU = Release|Any CPU
	EndGlobalSection
	GlobalSection(ProjectConfigurationPlatforms) = postSolution
		{C762798B-3412-4C28-8BDD-0B0A0EBDF33D}.Debug|Any CPU.ActiveCfg = Debug|Any CPU
		{C762798B-3412-4C28-8BDD-0B0A0EBDF33D}.Debug|Any CPU.Build.0 = Debug|Any CPU
		{C762798B-3412-4C28-8BDD-0B0A0EBDF33D}.Release|Any CPU.ActiveCfg = Release|Any CPU
		{C762798B-3412-4C28-8BDD-0B0A0EBDF33D}.Release|Any CPU.Build.0 = Release|Any CPU
	EndGlobalSection
	GlobalSection(SolutionProperties) = preSolution
		HideSolutionNode = FALSE
	EndGlobalSection
	GlobalSection(ExtensibilityGlobals) = postSolution
		SolutionGuid = {A308C148-CF0B-4BE0-9D28-6EE292D4974E}
	EndGlobalSection
EndGlobal
